// !$*UTF8*$!
{
	archiveVersion = 1;
	classes = {
	};
	objectVersion = 46;
	objects = {

/* Begin PBXBuildFile section */
		123E6152192DF4A400AFAF26 /* Foundation.framework in Frameworks */ = {isa = PBXBuildFile; fileRef = 123E6151192DF4A400AFAF26 /* Foundation.framework */; };
		123E6154192DF4A400AFAF26 /* CoreGraphics.framework in Frameworks */ = {isa = PBXBuildFile; fileRef = 123E6153192DF4A400AFAF26 /* CoreGraphics.framework */; };
		123E6156192DF4A400AFAF26 /* UIKit.framework in Frameworks */ = {isa = PBXBuildFile; fileRef = 123E6155192DF4A400AFAF26 /* UIKit.framework */; };
		123E615C192DF4A400AFAF26 /* InfoPlist.strings in Resources */ = {isa = PBXBuildFile; fileRef = 123E615A192DF4A400AFAF26 /* InfoPlist.strings */; };
		123E615E192DF4A400AFAF26 /* main.m in Sources */ = {isa = PBXBuildFile; fileRef = 123E615D192DF4A400AFAF26 /* main.m */; };
		123E6162192DF4A400AFAF26 /* VDEAppDelegate.m in Sources */ = {isa = PBXBuildFile; fileRef = 123E6161192DF4A400AFAF26 /* VDEAppDelegate.m */; };
		123E6165192DF4A400AFAF26 /* Main_iPhone.storyboard in Resources */ = {isa = PBXBuildFile; fileRef = 123E6163192DF4A400AFAF26 /* Main_iPhone.storyboard */; };
		123E6168192DF4A400AFAF26 /* Main_iPad.storyboard in Resources */ = {isa = PBXBuildFile; fileRef = 123E6166192DF4A400AFAF26 /* Main_iPad.storyboard */; };
		123E616B192DF4A400AFAF26 /* VDEViewController.m in Sources */ = {isa = PBXBuildFile; fileRef = 123E616A192DF4A400AFAF26 /* VDEViewController.m */; };
		123E616D192DF4A400AFAF26 /* Images.xcassets in Resources */ = {isa = PBXBuildFile; fileRef = 123E616C192DF4A400AFAF26 /* Images.xcassets */; };
		123E6174192DF4A400AFAF26 /* XCTest.framework in Frameworks */ = {isa = PBXBuildFile; fileRef = 123E6173192DF4A400AFAF26 /* XCTest.framework */; };
		123E6175192DF4A400AFAF26 /* Foundation.framework in Frameworks */ = {isa = PBXBuildFile; fileRef = 123E6151192DF4A400AFAF26 /* Foundation.framework */; };
		123E6176192DF4A400AFAF26 /* UIKit.framework in Frameworks */ = {isa = PBXBuildFile; fileRef = 123E6155192DF4A400AFAF26 /* UIKit.framework */; };
		123E617E192DF4A400AFAF26 /* InfoPlist.strings in Resources */ = {isa = PBXBuildFile; fileRef = 123E617C192DF4A400AFAF26 /* InfoPlist.strings */; };
		123E6180192DF4A400AFAF26 /* vincentd26_imagierTests.m in Sources */ = {isa = PBXBuildFile; fileRef = 123E617F192DF4A400AFAF26 /* vincentd26_imagierTests.m */; };
		123E618B192DFDB100AFAF26 /* VDEMyView.m in Sources */ = {isa = PBXBuildFile; fileRef = 123E618A192DFDB100AFAF26 /* VDEMyView.m */; };
		123E618E192E0A5400AFAF26 /* hauteur_gris.png in Resources */ = {isa = PBXBuildFile; fileRef = 123E618C192E0A5400AFAF26 /* hauteur_gris.png */; };
		123E618F192E0A5400AFAF26 /* largeur_gris.png in Resources */ = {isa = PBXBuildFile; fileRef = 123E618D192E0A5400AFAF26 /* largeur_gris.png */; };
		1255BEE2192E8A50009017CB /* photo-01.jpg in Resources */ = {isa = PBXBuildFile; fileRef = 1255BECE192E8A4F009017CB /* photo-01.jpg */; };
		1255BEE3192E8A50009017CB /* photo-02.jpg in Resources */ = {isa = PBXBuildFile; fileRef = 1255BECF192E8A4F009017CB /* photo-02.jpg */; };
		1255BEE4192E8A50009017CB /* photo-03.jpg in Resources */ = {isa = PBXBuildFile; fileRef = 1255BED0192E8A4F009017CB /* photo-03.jpg */; };
		1255BEE5192E8A50009017CB /* photo-04.jpg in Resources */ = {isa = PBXBuildFile; fileRef = 1255BED1192E8A4F009017CB /* photo-04.jpg */; };
		1255BEE6192E8A50009017CB /* photo-05.jpg in Resources */ = {isa = PBXBuildFile; fileRef = 1255BED2192E8A4F009017CB /* photo-05.jpg */; };
		1255BEE7192E8A50009017CB /* photo-06.jpg in Resources */ = {isa = PBXBuildFile; fileRef = 1255BED3192E8A4F009017CB /* photo-06.jpg */; };
		1255BEE8192E8A50009017CB /* photo-07.jpg in Resources */ = {isa = PBXBuildFile; fileRef = 1255BED4192E8A50009017CB /* photo-07.jpg */; };
		1255BEE9192E8A50009017CB /* photo-08.jpg in Resources */ = {isa = PBXBuildFile; fileRef = 1255BED5192E8A50009017CB /* photo-08.jpg */; };
		1255BEEA192E8A50009017CB /* photo-09.jpg in Resources */ = {isa = PBXBuildFile; fileRef = 1255BED6192E8A50009017CB /* photo-09.jpg */; };
		1255BEEB192E8A50009017CB /* photo-10.jpg in Resources */ = {isa = PBXBuildFile; fileRef = 1255BED7192E8A50009017CB /* photo-10.jpg */; };
		1255BEEC192E8A50009017CB /* photo-11.jpg in Resources */ = {isa = PBXBuildFile; fileRef = 1255BED8192E8A50009017CB /* photo-11.jpg */; };
		1255BEED192E8A50009017CB /* photo-12.jpg in Resources */ = {isa = PBXBuildFile; fileRef = 1255BED9192E8A50009017CB /* photo-12.jpg */; };
		1255BEEE192E8A50009017CB /* photo-13.jpg in Resources */ = {isa = PBXBuildFile; fileRef = 1255BEDA192E8A50009017CB /* photo-13.jpg */; };
		1255BEEF192E8A50009017CB /* photo-14.jpg in Resources */ = {isa = PBXBuildFile; fileRef = 1255BEDB192E8A50009017CB /* photo-14.jpg */; };
		1255BEF0192E8A50009017CB /* photo-15.jpg in Resources */ = {isa = PBXBuildFile; fileRef = 1255BEDC192E8A50009017CB /* photo-15.jpg */; };
		1255BEF1192E8A50009017CB /* photo-16.jpg in Resources */ = {isa = PBXBuildFile; fileRef = 1255BEDD192E8A50009017CB /* photo-16.jpg */; };
		1255BEF2192E8A50009017CB /* photo-17.jpg in Resources */ = {isa = PBXBuildFile; fileRef = 1255BEDE192E8A50009017CB /* photo-17.jpg */; };
		1255BEF3192E8A50009017CB /* photo-18.jpg in Resources */ = {isa = PBXBuildFile; fileRef = 1255BEDF192E8A50009017CB /* photo-18.jpg */; };
		1255BEF4192E8A50009017CB /* photo-19.jpg in Resources */ = {isa = PBXBuildFile; fileRef = 1255BEE0192E8A50009017CB /* photo-19.jpg */; };
		1255BEF5192E8A50009017CB /* photo-20.jpg in Resources */ = {isa = PBXBuildFile; fileRef = 1255BEE1192E8A50009017CB /* photo-20.jpg */; };
/* End PBXBuildFile section */

/* Begin PBXContainerItemProxy section */
		123E6177192DF4A400AFAF26 /* PBXContainerItemProxy */ = {
			isa = PBXContainerItemProxy;
			containerPortal = 123E6146192DF4A400AFAF26 /* Project object */;
			proxyType = 1;
			remoteGlobalIDString = 123E614D192DF4A400AFAF26;
			remoteInfo = vincentd26_imagier;
		};
/* End PBXContainerItemProxy section */

/* Begin PBXFileReference section */
		123E614E192DF4A400AFAF26 /* vincentd26_imagier.app */ = {isa = PBXFileReference; explicitFileType = wrapper.application; includeInIndex = 0; path = vincentd26_imagier.app; sourceTree = BUILT_PRODUCTS_DIR; };
		123E6151192DF4A400AFAF26 /* Foundation.framework */ = {isa = PBXFileReference; lastKnownFileType = wrapper.framework; name = Foundation.framework; path = System/Library/Frameworks/Foundation.framework; sourceTree = SDKROOT; };
		123E6153192DF4A400AFAF26 /* CoreGraphics.framework */ = {isa = PBXFileReference; lastKnownFileType = wrapper.framework; name = CoreGraphics.framework; path = System/Library/Frameworks/CoreGraphics.framework; sourceTree = SDKROOT; };
		123E6155192DF4A400AFAF26 /* UIKit.framework */ = {isa = PBXFileReference; lastKnownFileType = wrapper.framework; name = UIKit.framework; path = System/Library/Frameworks/UIKit.framework; sourceTree = SDKROOT; };
		123E6159192DF4A400AFAF26 /* vincentd26_imagier-Info.plist */ = {isa = PBXFileReference; lastKnownFileType = text.plist.xml; path = "vincentd26_imagier-Info.plist"; sourceTree = "<group>"; };
		123E615B192DF4A400AFAF26 /* en */ = {isa = PBXFileReference; lastKnownFileType = text.plist.strings; name = en; path = en.lproj/InfoPlist.strings; sourceTree = "<group>"; };
		123E615D192DF4A400AFAF26 /* main.m */ = {isa = PBXFileReference; lastKnownFileType = sourcecode.c.objc; path = main.m; sourceTree = "<group>"; };
		123E615F192DF4A400AFAF26 /* vincentd26_imagier-Prefix.pch */ = {isa = PBXFileReference; lastKnownFileType = sourcecode.c.h; path = "vincentd26_imagier-Prefix.pch"; sourceTree = "<group>"; };
		123E6160192DF4A400AFAF26 /* VDEAppDelegate.h */ = {isa = PBXFileReference; lastKnownFileType = sourcecode.c.h; path = VDEAppDelegate.h; sourceTree = "<group>"; };
		123E6161192DF4A400AFAF26 /* VDEAppDelegate.m */ = {isa = PBXFileReference; lastKnownFileType = sourcecode.c.objc; path = VDEAppDelegate.m; sourceTree = "<group>"; };
		123E6164192DF4A400AFAF26 /* Base */ = {isa = PBXFileReference; lastKnownFileType = file.storyboard; name = Base; path = Base.lproj/Main_iPhone.storyboard; sourceTree = "<group>"; };
		123E6167192DF4A400AFAF26 /* Base */ = {isa = PBXFileReference; lastKnownFileType = file.storyboard; name = Base; path = Base.lproj/Main_iPad.storyboard; sourceTree = "<group>"; };
		123E6169192DF4A400AFAF26 /* VDEViewController.h */ = {isa = PBXFileReference; lastKnownFileType = sourcecode.c.h; path = VDEViewController.h; sourceTree = "<group>"; };
		123E616A192DF4A400AFAF26 /* VDEViewController.m */ = {isa = PBXFileReference; lastKnownFileType = sourcecode.c.objc; path = VDEViewController.m; sourceTree = "<group>"; };
		123E616C192DF4A400AFAF26 /* Images.xcassets */ = {isa = PBXFileReference; lastKnownFileType = folder.assetcatalog; path = Images.xcassets; sourceTree = "<group>"; };
		123E6172192DF4A400AFAF26 /* vincentd26_imagierTests.xctest */ = {isa = PBXFileReference; explicitFileType = wrapper.cfbundle; includeInIndex = 0; path = vincentd26_imagierTests.xctest; sourceTree = BUILT_PRODUCTS_DIR; };
		123E6173192DF4A400AFAF26 /* XCTest.framework */ = {isa = PBXFileReference; lastKnownFileType = wrapper.framework; name = XCTest.framework; path = Library/Frameworks/XCTest.framework; sourceTree = DEVELOPER_DIR; };
		123E617B192DF4A400AFAF26 /* vincentd26_imagierTests-Info.plist */ = {isa = PBXFileReference; lastKnownFileType = text.plist.xml; path = "vincentd26_imagierTests-Info.plist"; sourceTree = "<group>"; };
		123E617D192DF4A400AFAF26 /* en */ = {isa = PBXFileReference; lastKnownFileType = text.plist.strings; name = en; path = en.lproj/InfoPlist.strings; sourceTree = "<group>"; };
		123E617F192DF4A400AFAF26 /* vincentd26_imagierTests.m */ = {isa = PBXFileReference; lastKnownFileType = sourcecode.c.objc; path = vincentd26_imagierTests.m; sourceTree = "<group>"; };
		123E6189192DFDB100AFAF26 /* VDEMyView.h */ = {isa = PBXFileReference; fileEncoding = 4; lastKnownFileType = sourcecode.c.h; path = VDEMyView.h; sourceTree = "<group>"; };
		123E618A192DFDB100AFAF26 /* VDEMyView.m */ = {isa = PBXFileReference; fileEncoding = 4; lastKnownFileType = sourcecode.c.objc; path = VDEMyView.m; sourceTree = "<group>"; };
		123E618C192E0A5400AFAF26 /* hauteur_gris.png */ = {isa = PBXFileReference; lastKnownFileType = image.png; path = hauteur_gris.png; sourceTree = "<group>"; };
		123E618D192E0A5400AFAF26 /* largeur_gris.png */ = {isa = PBXFileReference; lastKnownFileType = image.png; path = largeur_gris.png; sourceTree = "<group>"; };
		1255BECE192E8A4F009017CB /* photo-01.jpg */ = {isa = PBXFileReference; lastKnownFileType = image.jpeg; path = "photo-01.jpg"; sourceTree = "<group>"; };
		1255BECF192E8A4F009017CB /* photo-02.jpg */ = {isa = PBXFileReference; lastKnownFileType = image.jpeg; path = "photo-02.jpg"; sourceTree = "<group>"; };
		1255BED0192E8A4F009017CB /* photo-03.jpg */ = {isa = PBXFileReference; lastKnownFileType = image.jpeg; path = "photo-03.jpg"; sourceTree = "<group>"; };
		1255BED1192E8A4F009017CB /* photo-04.jpg */ = {isa = PBXFileReference; lastKnownFileType = image.jpeg; path = "photo-04.jpg"; sourceTree = "<group>"; };
		1255BED2192E8A4F009017CB /* photo-05.jpg */ = {isa = PBXFileReference; lastKnownFileType = image.jpeg; path = "photo-05.jpg"; sourceTree = "<group>"; };
		1255BED3192E8A4F009017CB /* photo-06.jpg */ = {isa = PBXFileReference; lastKnownFileType = image.jpeg; path = "photo-06.jpg"; sourceTree = "<group>"; };
		1255BED4192E8A50009017CB /* photo-07.jpg */ = {isa = PBXFileReference; lastKnownFileType = image.jpeg; path = "photo-07.jpg"; sourceTree = "<group>"; };
		1255BED5192E8A50009017CB /* photo-08.jpg */ = {isa = PBXFileReference; lastKnownFileType = image.jpeg; path = "photo-08.jpg"; sourceTree = "<group>"; };
		1255BED6192E8A50009017CB /* photo-09.jpg */ = {isa = PBXFileReference; lastKnownFileType = image.jpeg; path = "photo-09.jpg"; sourceTree = "<group>"; };
		1255BED7192E8A50009017CB /* photo-10.jpg */ = {isa = PBXFileReference; lastKnownFileType = image.jpeg; path = "photo-10.jpg"; sourceTree = "<group>"; };
		1255BED8192E8A50009017CB /* photo-11.jpg */ = {isa = PBXFileReference; lastKnownFileType = image.jpeg; path = "photo-11.jpg"; sourceTree = "<group>"; };
		1255BED9192E8A50009017CB /* photo-12.jpg */ = {isa = PBXFileReference; lastKnownFileType = image.jpeg; path = "photo-12.jpg"; sourceTree = "<group>"; };
		1255BEDA192E8A50009017CB /* photo-13.jpg */ = {isa = PBXFileReference; lastKnownFileType = image.jpeg; path = "photo-13.jpg"; sourceTree = "<group>"; };
		1255BEDB192E8A50009017CB /* photo-14.jpg */ = {isa = PBXFileReference; lastKnownFileType = image.jpeg; path = "photo-14.jpg"; sourceTree = "<group>"; };
		1255BEDC192E8A50009017CB /* photo-15.jpg */ = {isa = PBXFileReference; lastKnownFileType = image.jpeg; path = "photo-15.jpg"; sourceTree = "<group>"; };
		1255BEDD192E8A50009017CB /* photo-16.jpg */ = {isa = PBXFileReference; lastKnownFileType = image.jpeg; path = "photo-16.jpg"; sourceTree = "<group>"; };
		1255BEDE192E8A50009017CB /* photo-17.jpg */ = {isa = PBXFileReference; lastKnownFileType = image.jpeg; path = "photo-17.jpg"; sourceTree = "<group>"; };
		1255BEDF192E8A50009017CB /* photo-18.jpg */ = {isa = PBXFileReference; lastKnownFileType = image.jpeg; path = "photo-18.jpg"; sourceTree = "<group>"; };
		1255BEE0192E8A50009017CB /* photo-19.jpg */ = {isa = PBXFileReference; lastKnownFileType = image.jpeg; path = "photo-19.jpg"; sourceTree = "<group>"; };
		1255BEE1192E8A50009017CB /* photo-20.jpg */ = {isa = PBXFileReference; lastKnownFileType = image.jpeg; path = "photo-20.jpg"; sourceTree = "<group>"; };
/* End PBXFileReference section */

/* Begin PBXFrameworksBuildPhase section */
		123E614B192DF4A400AFAF26 /* Frameworks */ = {
			isa = PBXFrameworksBuildPhase;
			buildActionMask = 2147483647;
			files = (
				123E6154192DF4A400AFAF26 /* CoreGraphics.framework in Frameworks */,
				123E6156192DF4A400AFAF26 /* UIKit.framework in Frameworks */,
				123E6152192DF4A400AFAF26 /* Foundation.framework in Frameworks */,
			);
			runOnlyForDeploymentPostprocessing = 0;
		};
		123E616F192DF4A400AFAF26 /* Frameworks */ = {
			isa = PBXFrameworksBuildPhase;
			buildActionMask = 2147483647;
			files = (
				123E6174192DF4A400AFAF26 /* XCTest.framework in Frameworks */,
				123E6176192DF4A400AFAF26 /* UIKit.framework in Frameworks */,
				123E6175192DF4A400AFAF26 /* Foundation.framework in Frameworks */,
			);
			runOnlyForDeploymentPostprocessing = 0;
		};
/* End PBXFrameworksBuildPhase section */

/* Begin PBXGroup section */
		123E6145192DF4A400AFAF26 = {
			isa = PBXGroup;
			children = (
				123E6157192DF4A400AFAF26 /* vincentd26_imagier */,
				123E6179192DF4A400AFAF26 /* vincentd26_imagierTests */,
				123E6150192DF4A400AFAF26 /* Frameworks */,
				123E614F192DF4A400AFAF26 /* Products */,
			);
			sourceTree = "<group>";
		};
		123E614F192DF4A400AFAF26 /* Products */ = {
			isa = PBXGroup;
			children = (
				123E614E192DF4A400AFAF26 /* vincentd26_imagier.app */,
				123E6172192DF4A400AFAF26 /* vincentd26_imagierTests.xctest */,
			);
			name = Products;
			sourceTree = "<group>";
		};
		123E6150192DF4A400AFAF26 /* Frameworks */ = {
			isa = PBXGroup;
			children = (
				123E6151192DF4A400AFAF26 /* Foundation.framework */,
				123E6153192DF4A400AFAF26 /* CoreGraphics.framework */,
				123E6155192DF4A400AFAF26 /* UIKit.framework */,
				123E6173192DF4A400AFAF26 /* XCTest.framework */,
			);
			name = Frameworks;
			sourceTree = "<group>";
		};
		123E6157192DF4A400AFAF26 /* vincentd26_imagier */ = {
			isa = PBXGroup;
			children = (
				123E6189192DFDB100AFAF26 /* VDEMyView.h */,
				123E618A192DFDB100AFAF26 /* VDEMyView.m */,
				123E6160192DF4A400AFAF26 /* VDEAppDelegate.h */,
				123E6161192DF4A400AFAF26 /* VDEAppDelegate.m */,
				123E6163192DF4A400AFAF26 /* Main_iPhone.storyboard */,
				123E6166192DF4A400AFAF26 /* Main_iPad.storyboard */,
				123E6169192DF4A400AFAF26 /* VDEViewController.h */,
				123E616A192DF4A400AFAF26 /* VDEViewController.m */,
				123E616C192DF4A400AFAF26 /* Images.xcassets */,
				1255BEA5192E8A01009017CB /* Photos */,
				123E6190192E0A5C00AFAF26 /* Images */,
				123E6158192DF4A400AFAF26 /* Supporting Files */,
			);
			path = vincentd26_imagier;
			sourceTree = "<group>";
		};
		123E6158192DF4A400AFAF26 /* Supporting Files */ = {
			isa = PBXGroup;
			children = (
				123E6159192DF4A400AFAF26 /* vincentd26_imagier-Info.plist */,
				123E615A192DF4A400AFAF26 /* InfoPlist.strings */,
				123E615D192DF4A400AFAF26 /* main.m */,
				123E615F192DF4A400AFAF26 /* vincentd26_imagier-Prefix.pch */,
			);
			name = "Supporting Files";
			sourceTree = "<group>";
		};
		123E6179192DF4A400AFAF26 /* vincentd26_imagierTests */ = {
			isa = PBXGroup;
			children = (
				123E617F192DF4A400AFAF26 /* vincentd26_imagierTests.m */,
				123E617A192DF4A400AFAF26 /* Supporting Files */,
			);
			path = vincentd26_imagierTests;
			sourceTree = "<group>";
		};
		123E617A192DF4A400AFAF26 /* Supporting Files */ = {
			isa = PBXGroup;
			children = (
				123E617B192DF4A400AFAF26 /* vincentd26_imagierTests-Info.plist */,
				123E617C192DF4A400AFAF26 /* InfoPlist.strings */,
			);
			name = "Supporting Files";
			sourceTree = "<group>";
		};
		123E6190192E0A5C00AFAF26 /* Images */ = {
			isa = PBXGroup;
			children = (
				123E618C192E0A5400AFAF26 /* hauteur_gris.png */,
				123E618D192E0A5400AFAF26 /* largeur_gris.png */,
			);
			name = Images;
			sourceTree = "<group>";
		};
		1255BEA5192E8A01009017CB /* Photos */ = {
			isa = PBXGroup;
			children = (
				1255BECE192E8A4F009017CB /* photo-01.jpg */,
				1255BECF192E8A4F009017CB /* photo-02.jpg */,
				1255BED0192E8A4F009017CB /* photo-03.jpg */,
				1255BED1192E8A4F009017CB /* photo-04.jpg */,
				1255BED2192E8A4F009017CB /* photo-05.jpg */,
				1255BED3192E8A4F009017CB /* photo-06.jpg */,
				1255BED4192E8A50009017CB /* photo-07.jpg */,
				1255BED5192E8A50009017CB /* photo-08.jpg */,
				1255BED6192E8A50009017CB /* photo-09.jpg */,
				1255BED7192E8A50009017CB /* photo-10.jpg */,
				1255BED8192E8A50009017CB /* photo-11.jpg */,
				1255BED9192E8A50009017CB /* photo-12.jpg */,
				1255BEDA192E8A50009017CB /* photo-13.jpg */,
				1255BEDB192E8A50009017CB /* photo-14.jpg */,
				1255BEDC192E8A50009017CB /* photo-15.jpg */,
				1255BEDD192E8A50009017CB /* photo-16.jpg */,
				1255BEDE192E8A50009017CB /* photo-17.jpg */,
				1255BEDF192E8A50009017CB /* photo-18.jpg */,
				1255BEE0192E8A50009017CB /* photo-19.jpg */,
				1255BEE1192E8A50009017CB /* photo-20.jpg */,
			);
			name = Photos;
			sourceTree = "<group>";
		};
/* End PBXGroup section */

/* Begin PBXNativeTarget section */
		123E614D192DF4A400AFAF26 /* vincentd26_imagier */ = {
			isa = PBXNativeTarget;
			buildConfigurationList = 123E6183192DF4A500AFAF26 /* Build configuration list for PBXNativeTarget "vincentd26_imagier" */;
			buildPhases = (
				123E614A192DF4A400AFAF26 /* Sources */,
				123E614B192DF4A400AFAF26 /* Frameworks */,
				123E614C192DF4A400AFAF26 /* Resources */,
			);
			buildRules = (
			);
			dependencies = (
			);
			name = vincentd26_imagier;
			productName = vincentd26_imagier;
			productReference = 123E614E192DF4A400AFAF26 /* vincentd26_imagier.app */;
			productType = "com.apple.product-type.application";
		};
		123E6171192DF4A400AFAF26 /* vincentd26_imagierTests */ = {
			isa = PBXNativeTarget;
			buildConfigurationList = 123E6186192DF4A500AFAF26 /* Build configuration list for PBXNativeTarget "vincentd26_imagierTests" */;
			buildPhases = (
				123E616E192DF4A400AFAF26 /* Sources */,
				123E616F192DF4A400AFAF26 /* Frameworks */,
				123E6170192DF4A400AFAF26 /* Resources */,
			);
			buildRules = (
			);
			dependencies = (
				123E6178192DF4A400AFAF26 /* PBXTargetDependency */,
			);
			name = vincentd26_imagierTests;
			productName = vincentd26_imagierTests;
			productReference = 123E6172192DF4A400AFAF26 /* vincentd26_imagierTests.xctest */;
			productType = "com.apple.product-type.bundle.unit-test";
		};
/* End PBXNativeTarget section */

/* Begin PBXProject section */
		123E6146192DF4A400AFAF26 /* Project object */ = {
			isa = PBXProject;
			attributes = {
				CLASSPREFIX = VDE;
				LastUpgradeCheck = 0510;
				ORGANIZATIONNAME = com.striato;
				TargetAttributes = {
					123E6171192DF4A400AFAF26 = {
						TestTargetID = 123E614D192DF4A400AFAF26;
					};
				};
			};
			buildConfigurationList = 123E6149192DF4A400AFAF26 /* Build configuration list for PBXProject "vincentd26_imagier" */;
			compatibilityVersion = "Xcode 3.2";
			developmentRegion = English;
			hasScannedForEncodings = 0;
			knownRegions = (
				en,
				Base,
			);
			mainGroup = 123E6145192DF4A400AFAF26;
			productRefGroup = 123E614F192DF4A400AFAF26 /* Products */;
			projectDirPath = "";
			projectRoot = "";
			targets = (
				123E614D192DF4A400AFAF26 /* vincentd26_imagier */,
				123E6171192DF4A400AFAF26 /* vincentd26_imagierTests */,
			);
		};
/* End PBXProject section */

/* Begin PBXResourcesBuildPhase section */
		123E614C192DF4A400AFAF26 /* Resources */ = {
			isa = PBXResourcesBuildPhase;
			buildActionMask = 2147483647;
			files = (
				1255BEF5192E8A50009017CB /* photo-20.jpg in Resources */,
				1255BEEE192E8A50009017CB /* photo-13.jpg in Resources */,
				1255BEE8192E8A50009017CB /* photo-07.jpg in Resources */,
				123E6168192DF4A400AFAF26 /* Main_iPad.storyboard in Resources */,
				1255BEEF192E8A50009017CB /* photo-14.jpg in Resources */,
				123E616D192DF4A400AFAF26 /* Images.xcassets in Resources */,
				1255BEEB192E8A50009017CB /* photo-10.jpg in Resources */,
				123E6165192DF4A400AFAF26 /* Main_iPhone.storyboard in Resources */,
				1255BEF1192E8A50009017CB /* photo-16.jpg in Resources */,
				1255BEF2192E8A50009017CB /* photo-17.jpg in Resources */,
				1255BEE9192E8A50009017CB /* photo-08.jpg in Resources */,
				123E615C192DF4A400AFAF26 /* InfoPlist.strings in Resources */,
				1255BEE7192E8A50009017CB /* photo-06.jpg in Resources */,
				1255BEF0192E8A50009017CB /* photo-15.jpg in Resources */,
				1255BEE4192E8A50009017CB /* photo-03.jpg in Resources */,
				1255BEE3192E8A50009017CB /* photo-02.jpg in Resources */,
				1255BEEC192E8A50009017CB /* photo-11.jpg in Resources */,
				1255BEE2192E8A50009017CB /* photo-01.jpg in Resources */,
				123E618E192E0A5400AFAF26 /* hauteur_gris.png in Resources */,
				1255BEED192E8A50009017CB /* photo-12.jpg in Resources */,
				1255BEF3192E8A50009017CB /* photo-18.jpg in Resources */,
				1255BEE5192E8A50009017CB /* photo-04.jpg in Resources */,
				123E618F192E0A5400AFAF26 /* largeur_gris.png in Resources */,
				1255BEEA192E8A50009017CB /* photo-09.jpg in Resources */,
				1255BEF4192E8A50009017CB /* photo-19.jpg in Resources */,
				1255BEE6192E8A50009017CB /* photo-05.jpg in Resources */,
			);
			runOnlyForDeploymentPostprocessing = 0;
		};
		123E6170192DF4A400AFAF26 /* Resources */ = {
			isa = PBXResourcesBuildPhase;
			buildActionMask = 2147483647;
			files = (
				123E617E192DF4A400AFAF26 /* InfoPlist.strings in Resources */,
			);
			runOnlyForDeploymentPostprocessing = 0;
		};
/* End PBXResourcesBuildPhase section */

/* Begin PBXSourcesBuildPhase section */
		123E614A192DF4A400AFAF26 /* Sources */ = {
			isa = PBXSourcesBuildPhase;
			buildActionMask = 2147483647;
			files = (
				123E6162192DF4A400AFAF26 /* VDEAppDelegate.m in Sources */,
				123E615E192DF4A400AFAF26 /* main.m in Sources */,
				123E618B192DFDB100AFAF26 /* VDEMyView.m in Sources */,
				123E616B192DF4A400AFAF26 /* VDEViewController.m in Sources */,
			);
			runOnlyForDeploymentPostprocessing = 0;
		};
		123E616E192DF4A400AFAF26 /* Sources */ = {
			isa = PBXSourcesBuildPhase;
			buildActionMask = 2147483647;
			files = (
				123E6180192DF4A400AFAF26 /* vincentd26_imagierTests.m in Sources */,
			);
			runOnlyForDeploymentPostprocessing = 0;
		};
/* End PBXSourcesBuildPhase section */

/* Begin PBXTargetDependency section */
		123E6178192DF4A400AFAF26 /* PBXTargetDependency */ = {
			isa = PBXTargetDependency;
			target = 123E614D192DF4A400AFAF26 /* vincentd26_imagier */;
			targetProxy = 123E6177192DF4A400AFAF26 /* PBXContainerItemProxy */;
		};
/* End PBXTargetDependency section */

/* Begin PBXVariantGroup section */
		123E615A192DF4A400AFAF26 /* InfoPlist.strings */ = {
			isa = PBXVariantGroup;
			children = (
				123E615B192DF4A400AFAF26 /* en */,
			);
			name = InfoPlist.strings;
			sourceTree = "<group>";
		};
		123E6163192DF4A400AFAF26 /* Main_iPhone.storyboard */ = {
			isa = PBXVariantGroup;
			children = (
				123E6164192DF4A400AFAF26 /* Base */,
			);
			name = Main_iPhone.storyboard;
			sourceTree = "<group>";
		};
		123E6166192DF4A400AFAF26 /* Main_iPad.storyboard */ = {
			isa = PBXVariantGroup;
			children = (
				123E6167192DF4A400AFAF26 /* Base */,
			);
			name = Main_iPad.storyboard;
			sourceTree = "<group>";
		};
		123E617C192DF4A400AFAF26 /* InfoPlist.strings */ = {
			isa = PBXVariantGroup;
			children = (
				123E617D192DF4A400AFAF26 /* en */,
			);
			name = InfoPlist.strings;
			sourceTree = "<group>";
		};
/* End PBXVariantGroup section */

/* Begin XCBuildConfiguration section */
		123E6181192DF4A500AFAF26 /* Debug */ = {
			isa = XCBuildConfiguration;
			buildSettings = {
				ALWAYS_SEARCH_USER_PATHS = NO;
				CLANG_CXX_LANGUAGE_STANDARD = "gnu++0x";
				CLANG_CXX_LIBRARY = "libc++";
				CLANG_ENABLE_MODULES = YES;
				CLANG_ENABLE_OBJC_ARC = YES;
				CLANG_WARN_BOOL_CONVERSION = YES;
				CLANG_WARN_CONSTANT_CONVERSION = YES;
				CLANG_WARN_DIRECT_OBJC_ISA_USAGE = YES_ERROR;
				CLANG_WARN_EMPTY_BODY = YES;
				CLANG_WARN_ENUM_CONVERSION = YES;
				CLANG_WARN_INT_CONVERSION = YES;
				CLANG_WARN_OBJC_ROOT_CLASS = YES_ERROR;
				CLANG_WARN__DUPLICATE_METHOD_MATCH = YES;
				"CODE_SIGN_IDENTITY[sdk=iphoneos*]" = "iPhone Developer";
				COPY_PHASE_STRIP = NO;
				GCC_C_LANGUAGE_STANDARD = gnu99;
				GCC_DYNAMIC_NO_PIC = NO;
				GCC_OPTIMIZATION_LEVEL = 0;
				GCC_PREPROCESSOR_DEFINITIONS = (
					"DEBUG=1",
					"$(inherited)",
				);
				GCC_SYMBOLS_PRIVATE_EXTERN = NO;
				GCC_WARN_64_TO_32_BIT_CONVERSION = YES;
				GCC_WARN_ABOUT_RETURN_TYPE = YES_ERROR;
				GCC_WARN_UNDECLARED_SELECTOR = YES;
				GCC_WARN_UNINITIALIZED_AUTOS = YES_AGGRESSIVE;
				GCC_WARN_UNUSED_FUNCTION = YES;
				GCC_WARN_UNUSED_VARIABLE = YES;
				IPHONEOS_DEPLOYMENT_TARGET = 7.1;
				ONLY_ACTIVE_ARCH = YES;
				SDKROOT = iphoneos;
				TARGETED_DEVICE_FAMILY = "1,2";
			};
			name = Debug;
		};
		123E6182192DF4A500AFAF26 /* Release */ = {
			isa = XCBuildConfiguration;
			buildSettings = {
				ALWAYS_SEARCH_USER_PATHS = NO;
				CLANG_CXX_LANGUAGE_STANDARD = "gnu++0x";
				CLANG_CXX_LIBRARY = "libc++";
				CLANG_ENABLE_MODULES = YES;
				CLANG_ENABLE_OBJC_ARC = YES;
				CLANG_WARN_BOOL_CONVERSION = YES;
				CLANG_WARN_CONSTANT_CONVERSION = YES;
				CLANG_WARN_DIRECT_OBJC_ISA_USAGE = YES_ERROR;
				CLANG_WARN_EMPTY_BODY = YES;
				CLANG_WARN_ENUM_CONVERSION = YES;
				CLANG_WARN_INT_CONVERSION = YES;
				CLANG_WARN_OBJC_ROOT_CLASS = YES_ERROR;
				CLANG_WARN__DUPLICATE_METHOD_MATCH = YES;
				"CODE_SIGN_IDENTITY[sdk=iphoneos*]" = "iPhone Developer";
				COPY_PHASE_STRIP = YES;
				ENABLE_NS_ASSERTIONS = NO;
				GCC_C_LANGUAGE_STANDARD = gnu99;
				GCC_WARN_64_TO_32_BIT_CONVERSION = YES;
				GCC_WARN_ABOUT_RETURN_TYPE = YES_ERROR;
				GCC_WARN_UNDECLARED_SELECTOR = YES;
				GCC_WARN_UNINITIALIZED_AUTOS = YES_AGGRESSIVE;
				GCC_WARN_UNUSED_FUNCTION = YES;
				GCC_WARN_UNUSED_VARIABLE = YES;
				IPHONEOS_DEPLOYMENT_TARGET = 7.1;
				SDKROOT = iphoneos;
				TARGETED_DEVICE_FAMILY = "1,2";
				VALIDATE_PRODUCT = YES;
			};
			name = Release;
		};
		123E6184192DF4A500AFAF26 /* Debug */ = {
			isa = XCBuildConfiguration;
			buildSettings = {
				ASSETCATALOG_COMPILER_APPICON_NAME = AppIcon;
				ASSETCATALOG_COMPILER_LAUNCHIMAGE_NAME = LaunchImage;
				GCC_PRECOMPILE_PREFIX_HEADER = YES;
				GCC_PREFIX_HEADER = "vincentd26_imagier/vincentd26_imagier-Prefix.pch";
				INFOPLIST_FILE = "vincentd26_imagier/vincentd26_imagier-Info.plist";
				PRODUCT_NAME = "$(TARGET_NAME)";
				WRAPPER_EXTENSION = app;
			};
			name = Debug;
		};
		123E6185192DF4A500AFAF26 /* Release */ = {
			isa = XCBuildConfiguration;
			buildSettings = {
				ASSETCATALOG_COMPILER_APPICON_NAME = AppIcon;
				ASSETCATALOG_COMPILER_LAUNCHIMAGE_NAME = LaunchImage;
				GCC_PRECOMPILE_PREFIX_HEADER = YES;
				GCC_PREFIX_HEADER = "vincentd26_imagier/vincentd26_imagier-Prefix.pch";
				INFOPLIST_FILE = "vincentd26_imagier/vincentd26_imagier-Info.plist";
				PRODUCT_NAME = "$(TARGET_NAME)";
				WRAPPER_EXTENSION = app;
			};
			name = Release;
		};
		123E6187192DF4A500AFAF26 /* Debug */ = {
			isa = XCBuildConfiguration;
			buildSettings = {
				BUNDLE_LOADER = "$(BUILT_PRODUCTS_DIR)/vincentd26_imagier.app/vincentd26_imagier";
				FRAMEWORK_SEARCH_PATHS = (
					"$(SDKROOT)/Developer/Library/Frameworks",
					"$(inherited)",
					"$(DEVELOPER_FRAMEWORKS_DIR)",
				);
				GCC_PRECOMPILE_PREFIX_HEADER = YES;
				GCC_PREFIX_HEADER = "vincentd26_imagier/vincentd26_imagier-Prefix.pch";
				GCC_PREPROCESSOR_DEFINITIONS = (
					"DEBUG=1",
					"$(inherited)",
				);
				INFOPLIST_FILE = "vincentd26_imagierTests/vincentd26_imagierTests-Info.plist";
				PRODUCT_NAME = "$(TARGET_NAME)";
				TEST_HOST = "$(BUNDLE_LOADER)";
				WRAPPER_EXTENSION = xctest;
			};
			name = Debug;
		};
		123E6188192DF4A500AFAF26 /* Release */ = {
			isa = XCBuildConfiguration;
			buildSettings = {
				BUNDLE_LOADER = "$(BUILT_PRODUCTS_DIR)/vincentd26_imagier.app/vincentd26_imagier";
				FRAMEWORK_SEARCH_PATHS = (
					"$(SDKROOT)/Developer/Library/Frameworks",
					"$(inherited)",
					"$(DEVELOPER_FRAMEWORKS_DIR)",
				);
				GCC_PRECOMPILE_PREFIX_HEADER = YES;
				GCC_PREFIX_HEADER = "vincentd26_imagier/vincentd26_imagier-Prefix.pch";
				INFOPLIST_FILE = "vincentd26_imagierTests/vincentd26_imagierTests-Info.plist";
				PRODUCT_NAME = "$(TARGET_NAME)";
				TEST_HOST = "$(BUNDLE_LOADER)";
				WRAPPER_EXTENSION = xctest;
			};
			name = Release;
		};
/* End XCBuildConfiguration section */

/* Begin XCConfigurationList section */
		123E6149192DF4A400AFAF26 /* Build configuration list for PBXProject "vincentd26_imagier" */ = {
			isa = XCConfigurationList;
			buildConfigurations = (
				123E6181192DF4A500AFAF26 /* Debug */,
				123E6182192DF4A500AFAF26 /* Release */,
			);
			defaultConfigurationIsVisible = 0;
			defaultConfigurationName = Release;
		};
		123E6183192DF4A500AFAF26 /* Build configuration list for PBXNativeTarget "vincentd26_imagier" */ = {
			isa = XCConfigurationList;
			buildConfigurations = (
				123E6184192DF4A500AFAF26 /* Debug */,
				123E6185192DF4A500AFAF26 /* Release */,
			);
			defaultConfigurationIsVisible = 0;
			defaultConfigurationName = Release;
		};
		123E6186192DF4A500AFAF26 /* Build configuration list for PBXNativeTarget "vincentd26_imagierTests" */ = {
			isa = XCConfigurationList;
			buildConfigurations = (
				123E6187192DF4A500AFAF26 /* Debug */,
				123E6188192DF4A500AFAF26 /* Release */,
			);
			defaultConfigurationIsVisible = 0;
			defaultConfigurationName = Release;
		};
/* End XCConfigurationList section */
	};
	rootObject = 123E6146192DF4A400AFAF26 /* Project object */;
}
